
Microsoft Visual Studio Solution File, Format Version 12.00
# Visual Studio Version 16
VisualStudioVersion = 16.0.30804.86
MinimumVisualStudioVersion = 10.0.40219.1
Project("{FAE04EC0-301F-11D3-BF4B-00C04F79EFBC}") = "DiagnosticLabs", "DiagnosticLabs\DiagnosticLabs.csproj", "{745637BF-32D4-41B2-913B-9CB84F35843E}"
EndProject
Project("{00D1A9C2-B5F0-4AF3-8072-F6C62B433612}") = "DiagnosticLabsDatabase", "DiagnosticLabsDatabase\DiagnosticLabsDatabase.sqlproj", "{BB7E2411-235E-4B85-8835-D2829419EEDF}"
EndProject
Project("{FAE04EC0-301F-11D3-BF4B-00C04F79EFBC}") = "DiagnosticLabsDAL", "DiagnosticLabsDAL\DiagnosticLabsDAL.csproj", "{1879C697-4A50-4123-B040-54042573C229}"
EndProject
Project("{FAE04EC0-301F-11D3-BF4B-00C04F79EFBC}") = "DiagnosticLabsBLL", "DiagnosticLabsBLL\DiagnosticLabsBLL.csproj", "{A919AED5-2E72-47BF-B664-ECFBD117EA13}"
EndProject
Global
	GlobalSection(SolutionConfigurationPlatforms) = preSolution
		Debug|Any CPU = Debug|Any CPU
		Release|Any CPU = Release|Any CPU
	EndGlobalSection
	GlobalSection(ProjectConfigurationPlatforms) = postSolution
		{745637BF-32D4-41B2-913B-9CB84F35843E}.Debug|Any CPU.ActiveCfg = Debug|Any CPU
		{745637BF-32D4-41B2-913B-9CB84F35843E}.Debug|Any CPU.Build.0 = Debug|Any CPU
		{745637BF-32D4-41B2-913B-9CB84F35843E}.Release|Any CPU.ActiveCfg = Release|Any CPU
		{745637BF-32D4-41B2-913B-9CB84F35843E}.Release|Any CPU.Build.0 = Release|Any CPU
		{BB7E2411-235E-4B85-8835-D2829419EEDF}.Debug|Any CPU.ActiveCfg = Debug|Any CPU
		{BB7E2411-235E-4B85-8835-D2829419EEDF}.Debug|Any CPU.Build.0 = Debug|Any CPU
		{BB7E2411-235E-4B85-8835-D2829419EEDF}.Debug|Any CPU.Deploy.0 = Debug|Any CPU
		{BB7E2411-235E-4B85-8835-D2829419EEDF}.Release|Any CPU.ActiveCfg = Release|Any CPU
		{BB7E2411-235E-4B85-8835-D2829419EEDF}.Release|Any CPU.Build.0 = Release|Any CPU
		{BB7E2411-235E-4B85-8835-D2829419EEDF}.Release|Any CPU.Deploy.0 = Release|Any CPU
		{1879C697-4A50-4123-B040-54042573C229}.Debug|Any CPU.ActiveCfg = Debug|Any CPU
		{1879C697-4A50-4123-B040-54042573C229}.Debug|Any CPU.Build.0 = Debug|Any CPU
		{1879C697-4A50-4123-B040-54042573C229}.Release|Any CPU.ActiveCfg = Release|Any CPU
		{1879C697-4A50-4123-B040-54042573C229}.Release|Any CPU.Build.0 = Release|Any CPU
		{A919AED5-2E72-47BF-B664-ECFBD117EA13}.Debug|Any CPU.ActiveCfg = Debug|Any CPU
		{A919AED5-2E72-47BF-B664-ECFBD117EA13}.Debug|Any CPU.Build.0 = Debug|Any CPU
		{A919AED5-2E72-47BF-B664-ECFBD117EA13}.Release|Any CPU.ActiveCfg = Release|Any CPU
		{A919AED5-2E72-47BF-B664-ECFBD117EA13}.Release|Any CPU.Build.0 = Release|Any CPU
	EndGlobalSection
	GlobalSection(SolutionProperties) = preSolution
		HideSolutionNode = FALSE
	EndGlobalSection
	GlobalSection(ExtensibilityGlobals) = postSolution
		SolutionGuid = {137C0A06-09AA-44DF-9DB4-F733C3630B20}
	EndGlobalSection
EndGlobal
